// !$*UTF8*$!
{
	archiveVersion = 1;
	classes = {
	};
	objectVersion = 56;
	objects = {

/* Begin PBXBuildFile section */
		C4915D882AC6B8CF00B296C9 /* AppDelegate.swift in Sources */ = {isa = PBXBuildFile; fileRef = C4915D872AC6B8CF00B296C9 /* AppDelegate.swift */; };
		C4915D8A2AC6B8CF00B296C9 /* SceneDelegate.swift in Sources */ = {isa = PBXBuildFile; fileRef = C4915D892AC6B8CF00B296C9 /* SceneDelegate.swift */; };
		C4915D8F2AC6B8CF00B296C9 /* Main.storyboard in Resources */ = {isa = PBXBuildFile; fileRef = C4915D8D2AC6B8CF00B296C9 /* Main.storyboard */; };
		C4915D912AC6B8D000B296C9 /* Assets.xcassets in Resources */ = {isa = PBXBuildFile; fileRef = C4915D902AC6B8D000B296C9 /* Assets.xcassets */; };
		C4915D942AC6B8D000B296C9 /* LaunchScreen.storyboard in Resources */ = {isa = PBXBuildFile; fileRef = C4915D922AC6B8D000B296C9 /* LaunchScreen.storyboard */; };
		C4915D9F2AC6B8D000B296C9 /* SymbolRollerTests.swift in Sources */ = {isa = PBXBuildFile; fileRef = C4915D9E2AC6B8D000B296C9 /* SymbolRollerTests.swift */; };
		C4915DA92AC6B8D000B296C9 /* SymbolRollerUITests.swift in Sources */ = {isa = PBXBuildFile; fileRef = C4915DA82AC6B8D000B296C9 /* SymbolRollerUITests.swift */; };
		C4915DAB2AC6B8D000B296C9 /* SymbolRollerUITestsLaunchTests.swift in Sources */ = {isa = PBXBuildFile; fileRef = C4915DAA2AC6B8D000B296C9 /* SymbolRollerUITestsLaunchTests.swift */; };
		C4915DB82AC6BBB100B296C9 /* SymbolRollerViewController.swift in Sources */ = {isa = PBXBuildFile; fileRef = C4915DB72AC6BBB100B296C9 /* SymbolRollerViewController.swift */; };
/* End PBXBuildFile section */

/* Begin PBXContainerItemProxy section */
		C4915D9B2AC6B8D000B296C9 /* PBXContainerItemProxy */ = {
			isa = PBXContainerItemProxy;
			containerPortal = C4915D7C2AC6B8CF00B296C9 /* Project object */;
			proxyType = 1;
			remoteGlobalIDString = C4915D832AC6B8CF00B296C9;
			remoteInfo = SymbolRoller;
		};
		C4915DA52AC6B8D000B296C9 /* PBXContainerItemProxy */ = {
			isa = PBXContainerItemProxy;
			containerPortal = C4915D7C2AC6B8CF00B296C9 /* Project object */;
			proxyType = 1;
			remoteGlobalIDString = C4915D832AC6B8CF00B296C9;
			remoteInfo = SymbolRoller;
		};
/* End PBXContainerItemProxy section */

/* Begin PBXFileReference section */
		C4915D842AC6B8CF00B296C9 /* SymbolRoller.app */ = {isa = PBXFileReference; explicitFileType = wrapper.application; includeInIndex = 0; path = SymbolRoller.app; sourceTree = BUILT_PRODUCTS_DIR; };
		C4915D872AC6B8CF00B296C9 /* AppDelegate.swift */ = {isa = PBXFileReference; lastKnownFileType = sourcecode.swift; path = AppDelegate.swift; sourceTree = "<group>"; };
		C4915D892AC6B8CF00B296C9 /* SceneDelegate.swift */ = {isa = PBXFileReference; lastKnownFileType = sourcecode.swift; path = SceneDelegate.swift; sourceTree = "<group>"; };
		C4915D8E2AC6B8CF00B296C9 /* Base */ = {isa = PBXFileReference; lastKnownFileType = file.storyboard; name = Base; path = Base.lproj/Main.storyboard; sourceTree = "<group>"; };
		C4915D902AC6B8D000B296C9 /* Assets.xcassets */ = {isa = PBXFileReference; lastKnownFileType = folder.assetcatalog; path = Assets.xcassets; sourceTree = "<group>"; };
		C4915D932AC6B8D000B296C9 /* Base */ = {isa = PBXFileReference; lastKnownFileType = file.storyboard; name = Base; path = Base.lproj/LaunchScreen.storyboard; sourceTree = "<group>"; };
		C4915D952AC6B8D000B296C9 /* Info.plist */ = {isa = PBXFileReference; lastKnownFileType = text.plist.xml; path = Info.plist; sourceTree = "<group>"; };
		C4915D9A2AC6B8D000B296C9 /* SymbolRollerTests.xctest */ = {isa = PBXFileReference; explicitFileType = wrapper.cfbundle; includeInIndex = 0; path = SymbolRollerTests.xctest; sourceTree = BUILT_PRODUCTS_DIR; };
		C4915D9E2AC6B8D000B296C9 /* SymbolRollerTests.swift */ = {isa = PBXFileReference; lastKnownFileType = sourcecode.swift; path = SymbolRollerTests.swift; sourceTree = "<group>"; };
		C4915DA42AC6B8D000B296C9 /* SymbolRollerUITests.xctest */ = {isa = PBXFileReference; explicitFileType = wrapper.cfbundle; includeInIndex = 0; path = SymbolRollerUITests.xctest; sourceTree = BUILT_PRODUCTS_DIR; };
		C4915DA82AC6B8D000B296C9 /* SymbolRollerUITests.swift */ = {isa = PBXFileReference; lastKnownFileType = sourcecode.swift; path = SymbolRollerUITests.swift; sourceTree = "<group>"; };
		C4915DAA2AC6B8D000B296C9 /* SymbolRollerUITestsLaunchTests.swift */ = {isa = PBXFileReference; lastKnownFileType = sourcecode.swift; path = SymbolRollerUITestsLaunchTests.swift; sourceTree = "<group>"; };
		C4915DB72AC6BBB100B296C9 /* SymbolRollerViewController.swift */ = {isa = PBXFileReference; lastKnownFileType = sourcecode.swift; path = SymbolRollerViewController.swift; sourceTree = "<group>"; };
/* End PBXFileReference section */

/* Begin PBXFrameworksBuildPhase section */
		C4915D812AC6B8CF00B296C9 /* Frameworks */ = {
			isa = PBXFrameworksBuildPhase;
			buildActionMask = 2147483647;
			files = (
			);
			runOnlyForDeploymentPostprocessing = 0;
		};
		C4915D972AC6B8D000B296C9 /* Frameworks */ = {
			isa = PBXFrameworksBuildPhase;
			buildActionMask = 2147483647;
			files = (
			);
			runOnlyForDeploymentPostprocessing = 0;
		};
		C4915DA12AC6B8D000B296C9 /* Frameworks */ = {
			isa = PBXFrameworksBuildPhase;
			buildActionMask = 2147483647;
			files = (
			);
			runOnlyForDeploymentPostprocessing = 0;
		};
/* End PBXFrameworksBuildPhase section */

/* Begin PBXGroup section */
		C4915D7B2AC6B8CF00B296C9 = {
			isa = PBXGroup;
			children = (
				C4915DB72AC6BBB100B296C9 /* SymbolRollerViewController.swift */,
				C4915D862AC6B8CF00B296C9 /* SymbolRoller */,
				C4915D9D2AC6B8D000B296C9 /* SymbolRollerTests */,
				C4915DA72AC6B8D000B296C9 /* SymbolRollerUITests */,
				C4915D852AC6B8CF00B296C9 /* Products */,
			);
			sourceTree = "<group>";
		};
		C4915D852AC6B8CF00B296C9 /* Products */ = {
			isa = PBXGroup;
			children = (
				C4915D842AC6B8CF00B296C9 /* SymbolRoller.app */,
				C4915D9A2AC6B8D000B296C9 /* SymbolRollerTests.xctest */,
				C4915DA42AC6B8D000B296C9 /* SymbolRollerUITests.xctest */,
			);
			name = Products;
			sourceTree = "<group>";
		};
		C4915D862AC6B8CF00B296C9 /* SymbolRoller */ = {
			isa = PBXGroup;
			children = (
				C4915D872AC6B8CF00B296C9 /* AppDelegate.swift */,
				C4915D892AC6B8CF00B296C9 /* SceneDelegate.swift */,
				C4915D8D2AC6B8CF00B296C9 /* Main.storyboard */,
				C4915D902AC6B8D000B296C9 /* Assets.xcassets */,
				C4915D922AC6B8D000B296C9 /* LaunchScreen.storyboard */,
				C4915D952AC6B8D000B296C9 /* Info.plist */,
			);
			path = SymbolRoller;
			sourceTree = "<group>";
		};
		C4915D9D2AC6B8D000B296C9 /* SymbolRollerTests */ = {
			isa = PBXGroup;
			children = (
				C4915D9E2AC6B8D000B296C9 /* SymbolRollerTests.swift */,
			);
			path = SymbolRollerTests;
			sourceTree = "<group>";
		};
		C4915DA72AC6B8D000B296C9 /* SymbolRollerUITests */ = {
			isa = PBXGroup;
			children = (
				C4915DA82AC6B8D000B296C9 /* SymbolRollerUITests.swift */,
				C4915DAA2AC6B8D000B296C9 /* SymbolRollerUITestsLaunchTests.swift */,
			);
			path = SymbolRollerUITests;
			sourceTree = "<group>";
		};
/* End PBXGroup section */

/* Begin PBXNativeTarget section */
		C4915D832AC6B8CF00B296C9 /* SymbolRoller */ = {
			isa = PBXNativeTarget;
			buildConfigurationList = C4915DAE2AC6B8D000B296C9 /* Build configuration list for PBXNativeTarget "SymbolRoller" */;
			buildPhases = (
				C4915D802AC6B8CF00B296C9 /* Sources */,
				C4915D812AC6B8CF00B296C9 /* Frameworks */,
				C4915D822AC6B8CF00B296C9 /* Resources */,
			);
			buildRules = (
			);
			dependencies = (
			);
			name = SymbolRoller;
			productName = SymbolRoller;
			productReference = C4915D842AC6B8CF00B296C9 /* SymbolRoller.app */;
			productType = "com.apple.product-type.application";
		};
		C4915D992AC6B8D000B296C9 /* SymbolRollerTests */ = {
			isa = PBXNativeTarget;
			buildConfigurationList = C4915DB12AC6B8D000B296C9 /* Build configuration list for PBXNativeTarget "SymbolRollerTests" */;
			buildPhases = (
				C4915D962AC6B8D000B296C9 /* Sources */,
				C4915D972AC6B8D000B296C9 /* Frameworks */,
				C4915D982AC6B8D000B296C9 /* Resources */,
			);
			buildRules = (
			);
			dependencies = (
				C4915D9C2AC6B8D000B296C9 /* PBXTargetDependency */,
			);
			name = SymbolRollerTests;
			productName = SymbolRollerTests;
			productReference = C4915D9A2AC6B8D000B296C9 /* SymbolRollerTests.xctest */;
			productType = "com.apple.product-type.bundle.unit-test";
		};
		C4915DA32AC6B8D000B296C9 /* SymbolRollerUITests */ = {
			isa = PBXNativeTarget;
			buildConfigurationList = C4915DB42AC6B8D000B296C9 /* Build configuration list for PBXNativeTarget "SymbolRollerUITests" */;
			buildPhases = (
				C4915DA02AC6B8D000B296C9 /* Sources */,
				C4915DA12AC6B8D000B296C9 /* Frameworks */,
				C4915DA22AC6B8D000B296C9 /* Resources */,
			);
			buildRules = (
			);
			dependencies = (
				C4915DA62AC6B8D000B296C9 /* PBXTargetDependency */,
			);
			name = SymbolRollerUITests;
			productName = SymbolRollerUITests;
			productReference = C4915DA42AC6B8D000B296C9 /* SymbolRollerUITests.xctest */;
			productType = "com.apple.product-type.bundle.ui-testing";
		};
/* End PBXNativeTarget section */

/* Begin PBXProject section */
		C4915D7C2AC6B8CF00B296C9 /* Project object */ = {
			isa = PBXProject;
			attributes = {
				BuildIndependentTargetsInParallel = 1;
				LastSwiftUpdateCheck = 1430;
				LastUpgradeCheck = 1430;
				TargetAttributes = {
					C4915D832AC6B8CF00B296C9 = {
						CreatedOnToolsVersion = 14.3;
					};
					C4915D992AC6B8D000B296C9 = {
						CreatedOnToolsVersion = 14.3;
						TestTargetID = C4915D832AC6B8CF00B296C9;
					};
					C4915DA32AC6B8D000B296C9 = {
						CreatedOnToolsVersion = 14.3;
						TestTargetID = C4915D832AC6B8CF00B296C9;
					};
				};
			};
			buildConfigurationList = C4915D7F2AC6B8CF00B296C9 /* Build configuration list for PBXProject "SymbolRoller" */;
			compatibilityVersion = "Xcode 14.0";
			developmentRegion = en;
			hasScannedForEncodings = 0;
			knownRegions = (
				en,
				Base,
			);
			mainGroup = C4915D7B2AC6B8CF00B296C9;
			productRefGroup = C4915D852AC6B8CF00B296C9 /* Products */;
			projectDirPath = "";
			projectRoot = "";
			targets = (
				C4915D832AC6B8CF00B296C9 /* SymbolRoller */,
				C4915D992AC6B8D000B296C9 /* SymbolRollerTests */,
				C4915DA32AC6B8D000B296C9 /* SymbolRollerUITests */,
			);
		};
/* End PBXProject section */

/* Begin PBXResourcesBuildPhase section */
		C4915D822AC6B8CF00B296C9 /* Resources */ = {
			isa = PBXResourcesBuildPhase;
			buildActionMask = 2147483647;
			files = (
				C4915D942AC6B8D000B296C9 /* LaunchScreen.storyboard in Resources */,
				C4915D912AC6B8D000B296C9 /* Assets.xcassets in Resources */,
				C4915D8F2AC6B8CF00B296C9 /* Main.storyboard in Resources */,
			);
			runOnlyForDeploymentPostprocessing = 0;
		};
		C4915D982AC6B8D000B296C9 /* Resources */ = {
			isa = PBXResourcesBuildPhase;
			buildActionMask = 2147483647;
			files = (
			);
			runOnlyForDeploymentPostprocessing = 0;
		};
		C4915DA22AC6B8D000B296C9 /* Resources */ = {
			isa = PBXResourcesBuildPhase;
			buildActionMask = 2147483647;
			files = (
			);
			runOnlyForDeploymentPostprocessing = 0;
		};
/* End PBXResourcesBuildPhase section */

/* Begin PBXSourcesBuildPhase section */
		C4915D802AC6B8CF00B296C9 /* Sources */ = {
			isa = PBXSourcesBuildPhase;
			buildActionMask = 2147483647;
			files = (
				C4915D882AC6B8CF00B296C9 /* AppDelegate.swift in Sources */,
				C4915D8A2AC6B8CF00B296C9 /* SceneDelegate.swift in Sources */,
				C4915DB82AC6BBB100B296C9 /* SymbolRollerViewController.swift in Sources */,
			);
			runOnlyForDeploymentPostprocessing = 0;
		};
		C4915D962AC6B8D000B296C9 /* Sources */ = {
			isa = PBXSourcesBuildPhase;
			buildActionMask = 2147483647;
			files = (
				C4915D9F2AC6B8D000B296C9 /* SymbolRollerTests.swift in Sources */,
			);
			runOnlyForDeploymentPostprocessing = 0;
		};
		C4915DA02AC6B8D000B296C9 /* Sources */ = {
			isa = PBXSourcesBuildPhase;
			buildActionMask = 2147483647;
			files = (
				C4915DAB2AC6B8D000B296C9 /* SymbolRollerUITestsLaunchTests.swift in Sources */,
				C4915DA92AC6B8D000B296C9 /* SymbolRollerUITests.swift in Sources */,
			);
			runOnlyForDeploymentPostprocessing = 0;
		};
/* End PBXSourcesBuildPhase section */

/* Begin PBXTargetDependency section */
		C4915D9C2AC6B8D000B296C9 /* PBXTargetDependency */ = {
			isa = PBXTargetDependency;
			target = C4915D832AC6B8CF00B296C9 /* SymbolRoller */;
			targetProxy = C4915D9B2AC6B8D000B296C9 /* PBXContainerItemProxy */;
		};
		C4915DA62AC6B8D000B296C9 /* PBXTargetDependency */ = {
			isa = PBXTargetDependency;
			target = C4915D832AC6B8CF00B296C9 /* SymbolRoller */;
			targetProxy = C4915DA52AC6B8D000B296C9 /* PBXContainerItemProxy */;
		};
/* End PBXTargetDependency section */

/* Begin PBXVariantGroup section */
		C4915D8D2AC6B8CF00B296C9 /* Main.storyboard */ = {
			isa = PBXVariantGroup;
			children = (
				C4915D8E2AC6B8CF00B296C9 /* Base */,
			);
			name = Main.storyboard;
			sourceTree = "<group>";
		};
		C4915D922AC6B8D000B296C9 /* LaunchScreen.storyboard */ = {
			isa = PBXVariantGroup;
			children = (
				C4915D932AC6B8D000B296C9 /* Base */,
			);
			name = LaunchScreen.storyboard;
			sourceTree = "<group>";
		};
/* End PBXVariantGroup section */

/* Begin XCBuildConfiguration section */
		C4915DAC2AC6B8D000B296C9 /* Debug */ = {
			isa = XCBuildConfiguration;
			buildSettings = {
				ALWAYS_SEARCH_USER_PATHS = NO;
				CLANG_ANALYZER_NONNULL = YES;
				CLANG_ANALYZER_NUMBER_OBJECT_CONVERSION = YES_AGGRESSIVE;
				CLANG_CXX_LANGUAGE_STANDARD = "gnu++20";
				CLANG_ENABLE_MODULES = YES;
				CLANG_ENABLE_OBJC_ARC = YES;
				CLANG_ENABLE_OBJC_WEAK = YES;
				CLANG_WARN_BLOCK_CAPTURE_AUTORELEASING = YES;
				CLANG_WARN_BOOL_CONVERSION = YES;
				CLANG_WARN_COMMA = YES;
				CLANG_WARN_CONSTANT_CONVERSION = YES;
				CLANG_WARN_DEPRECATED_OBJC_IMPLEMENTATIONS = YES;
				CLANG_WARN_DIRECT_OBJC_ISA_USAGE = YES_ERROR;
				CLANG_WARN_DOCUMENTATION_COMMENTS = YES;
				CLANG_WARN_EMPTY_BODY = YES;
				CLANG_WARN_ENUM_CONVERSION = YES;
				CLANG_WARN_INFINITE_RECURSION = YES;
				CLANG_WARN_INT_CONVERSION = YES;
				CLANG_WARN_NON_LITERAL_NULL_CONVERSION = YES;
				CLANG_WARN_OBJC_IMPLICIT_RETAIN_SELF = YES;
				CLANG_WARN_OBJC_LITERAL_CONVERSION = YES;
				CLANG_WARN_OBJC_ROOT_CLASS = YES_ERROR;
				CLANG_WARN_QUOTED_INCLUDE_IN_FRAMEWORK_HEADER = YES;
				CLANG_WARN_RANGE_LOOP_ANALYSIS = YES;
				CLANG_WARN_STRICT_PROTOTYPES = YES;
				CLANG_WARN_SUSPICIOUS_MOVE = YES;
				CLANG_WARN_UNGUARDED_AVAILABILITY = YES_AGGRESSIVE;
				CLANG_WARN_UNREACHABLE_CODE = YES;
				CLANG_WARN__DUPLICATE_METHOD_MATCH = YES;
				COPY_PHASE_STRIP = NO;
				DEBUG_INFORMATION_FORMAT = dwarf;
				ENABLE_STRICT_OBJC_MSGSEND = YES;
				ENABLE_TESTABILITY = YES;
				GCC_C_LANGUAGE_STANDARD = gnu11;
				GCC_DYNAMIC_NO_PIC = NO;
				GCC_NO_COMMON_BLOCKS = YES;
				GCC_OPTIMIZATION_LEVEL = 0;
				GCC_PREPROCESSOR_DEFINITIONS = (
					"DEBUG=1",
					"$(inherited)",
				);
				GCC_WARN_64_TO_32_BIT_CONVERSION = YES;
				GCC_WARN_ABOUT_RETURN_TYPE = YES_ERROR;
				GCC_WARN_UNDECLARED_SELECTOR = YES;
				GCC_WARN_UNINITIALIZED_AUTOS = YES_AGGRESSIVE;
				GCC_WARN_UNUSED_FUNCTION = YES;
				GCC_WARN_UNUSED_VARIABLE = YES;
				IPHONEOS_DEPLOYMENT_TARGET = 16.4;
				MTL_ENABLE_DEBUG_INFO = INCLUDE_SOURCE;
				MTL_FAST_MATH = YES;
				ONLY_ACTIVE_ARCH = YES;
				SDKROOT = iphoneos;
				SWIFT_ACTIVE_COMPILATION_CONDITIONS = DEBUG;
				SWIFT_OPTIMIZATION_LEVEL = "-Onone";
			};
			name = Debug;
		};
		C4915DAD2AC6B8D000B296C9 /* Release */ = {
			isa = XCBuildConfiguration;
			buildSettings = {
				ALWAYS_SEARCH_USER_PATHS = NO;
				CLANG_ANALYZER_NONNULL = YES;
				CLANG_ANALYZER_NUMBER_OBJECT_CONVERSION = YES_AGGRESSIVE;
				CLANG_CXX_LANGUAGE_STANDARD = "gnu++20";
				CLANG_ENABLE_MODULES = YES;
				CLANG_ENABLE_OBJC_ARC = YES;
				CLANG_ENABLE_OBJC_WEAK = YES;
				CLANG_WARN_BLOCK_CAPTURE_AUTORELEASING = YES;
				CLANG_WARN_BOOL_CONVERSION = YES;
				CLANG_WARN_COMMA = YES;
				CLANG_WARN_CONSTANT_CONVERSION = YES;
				CLANG_WARN_DEPRECATED_OBJC_IMPLEMENTATIONS = YES;
				CLANG_WARN_DIRECT_OBJC_ISA_USAGE = YES_ERROR;
				CLANG_WARN_DOCUMENTATION_COMMENTS = YES;
				CLANG_WARN_EMPTY_BODY = YES;
				CLANG_WARN_ENUM_CONVERSION = YES;
				CLANG_WARN_INFINITE_RECURSION = YES;
				CLANG_WARN_INT_CONVERSION = YES;
				CLANG_WARN_NON_LITERAL_NULL_CONVERSION = YES;
				CLANG_WARN_OBJC_IMPLICIT_RETAIN_SELF = YES;
				CLANG_WARN_OBJC_LITERAL_CONVERSION = YES;
				CLANG_WARN_OBJC_ROOT_CLASS = YES_ERROR;
				CLANG_WARN_QUOTED_INCLUDE_IN_FRAMEWORK_HEADER = YES;
				CLANG_WARN_RANGE_LOOP_ANALYSIS = YES;
				CLANG_WARN_STRICT_PROTOTYPES = YES;
				CLANG_WARN_SUSPICIOUS_MOVE = YES;
				CLANG_WARN_UNGUARDED_AVAILABILITY = YES_AGGRESSIVE;
				CLANG_WARN_UNREACHABLE_CODE = YES;
				CLANG_WARN__DUPLICATE_METHOD_MATCH = YES;
				COPY_PHASE_STRIP = NO;
				DEBUG_INFORMATION_FORMAT = "dwarf-with-dsym";
				ENABLE_NS_ASSERTIONS = NO;
				ENABLE_STRICT_OBJC_MSGSEND = YES;
				GCC_C_LANGUAGE_STANDARD = gnu11;
				GCC_NO_COMMON_BLOCKS = YES;
				GCC_WARN_64_TO_32_BIT_CONVERSION = YES;
				GCC_WARN_ABOUT_RETURN_TYPE = YES_ERROR;
				GCC_WARN_UNDECLARED_SELECTOR = YES;
				GCC_WARN_UNINITIALIZED_AUTOS = YES_AGGRESSIVE;
				GCC_WARN_UNUSED_FUNCTION = YES;
				GCC_WARN_UNUSED_VARIABLE = YES;
				IPHONEOS_DEPLOYMENT_TARGET = 16.4;
				MTL_ENABLE_DEBUG_INFO = NO;
				MTL_FAST_MATH = YES;
				SDKROOT = iphoneos;
				SWIFT_COMPILATION_MODE = wholemodule;
				SWIFT_OPTIMIZATION_LEVEL = "-O";
				VALIDATE_PRODUCT = YES;
			};
			name = Release;
		};
		C4915DAF2AC6B8D000B296C9 /* Debug */ = {
			isa = XCBuildConfiguration;
			buildSettings = {
				ASSETCATALOG_COMPILER_APPICON_NAME = AppIcon;
				ASSETCATALOG_COMPILER_GLOBAL_ACCENT_COLOR_NAME = AccentColor;
				CODE_SIGN_STYLE = Automatic;
				CURRENT_PROJECT_VERSION = 1;
				DEVELOPMENT_TEAM = 95HGXTX76L;
				GENERATE_INFOPLIST_FILE = YES;
				INFOPLIST_FILE = SymbolRoller/Info.plist;
				INFOPLIST_KEY_UIApplicationSupportsIndirectInputEvents = YES;
				INFOPLIST_KEY_UILaunchStoryboardName = LaunchScreen;
				INFOPLIST_KEY_UIMainStoryboardFile = Main;
				INFOPLIST_KEY_UISupportedInterfaceOrientations_iPad = "UIInterfaceOrientationPortrait UIInterfaceOrientationPortraitUpsideDown UIInterfaceOrientationLandscapeLeft UIInterfaceOrientationLandscapeRight";
				INFOPLIST_KEY_UISupportedInterfaceOrientations_iPhone = "UIInterfaceOrientationPortrait UIInterfaceOrientationLandscapeLeft UIInterfaceOrientationLandscapeRight";
				LD_RUNPATH_SEARCH_PATHS = (
					"$(inherited)",
					"@executable_path/Frameworks",
				);
				MARKETING_VERSION = 1.0;
				PRODUCT_BUNDLE_IDENTIFIER = zoyoong.SymbolRoller;
				PRODUCT_NAME = "$(TARGET_NAME)";
				SWIFT_EMIT_LOC_STRINGS = YES;
				SWIFT_VERSION = 5.0;
				TARGETED_DEVICE_FAMILY = "1,2";
			};
			name = Debug;
		};
		C4915DB02AC6B8D000B296C9 /* Release */ = {
			isa = XCBuildConfiguration;
			buildSettings = {
				ASSETCATALOG_COMPILER_APPICON_NAME = AppIcon;
				ASSETCATALOG_COMPILER_GLOBAL_ACCENT_COLOR_NAME = AccentColor;
				CODE_SIGN_STYLE = Automatic;
				CURRENT_PROJECT_VERSION = 1;
				DEVELOPMENT_TEAM = 95HGXTX76L;
				GENERATE_INFOPLIST_FILE = YES;
				INFOPLIST_FILE = SymbolRoller/Info.plist;
				INFOPLIST_KEY_UIApplicationSupportsIndirectInputEvents = YES;
				INFOPLIST_KEY_UILaunchStoryboardName = LaunchScreen;
				INFOPLIST_KEY_UIMainStoryboardFile = Main;
				INFOPLIST_KEY_UISupportedInterfaceOrientations_iPad = "UIInterfaceOrientationPortrait UIInterfaceOrientationPortraitUpsideDown UIInterfaceOrientationLandscapeLeft UIInterfaceOrientationLandscapeRight";
				INFOPLIST_KEY_UISupportedInterfaceOrientations_iPhone = "UIInterfaceOrientationPortrait UIInterfaceOrientationLandscapeLeft UIInterfaceOrientationLandscapeRight";
				LD_RUNPATH_SEARCH_PATHS = (
					"$(inherited)",
					"@executable_path/Frameworks",
				);
				MARKETING_VERSION = 1.0;
				PRODUCT_BUNDLE_IDENTIFIER = zoyoong.SymbolRoller;
				PRODUCT_NAME = "$(TARGET_NAME)";
				SWIFT_EMIT_LOC_STRINGS = YES;
				SWIFT_VERSION = 5.0;
				TARGETED_DEVICE_FAMILY = "1,2";
			};
			name = Release;
		};
		C4915DB22AC6B8D000B296C9 /* Debug */ = {
			isa = XCBuildConfiguration;
			buildSettings = {
				ALWAYS_EMBED_SWIFT_STANDARD_LIBRARIES = YES;
				BUNDLE_LOADER = "$(TEST_HOST)";
				CODE_SIGN_STYLE = Automatic;
				CURRENT_PROJECT_VERSION = 1;
				DEVELOPMENT_TEAM = 95HGXTX76L;
				GENERATE_INFOPLIST_FILE = YES;
				IPHONEOS_DEPLOYMENT_TARGET = 16.4;
				MARKETING_VERSION = 1.0;
				PRODUCT_BUNDLE_IDENTIFIER = zoyoong.SymbolRollerTests;
				PRODUCT_NAME = "$(TARGET_NAME)";
				SWIFT_EMIT_LOC_STRINGS = NO;
				SWIFT_VERSION = 5.0;
				TARGETED_DEVICE_FAMILY = "1,2";
				TEST_HOST = "$(BUILT_PRODUCTS_DIR)/SymbolRoller.app/$(BUNDLE_EXECUTABLE_FOLDER_PATH)/SymbolRoller";
			};
			name = Debug;
		};
		C4915DB32AC6B8D000B296C9 /* Release */ = {
			isa = XCBuildConfiguration;
			buildSettings = {
				ALWAYS_EMBED_SWIFT_STANDARD_LIBRARIES = YES;
				BUNDLE_LOADER = "$(TEST_HOST)";
				CODE_SIGN_STYLE = Automatic;
				CURRENT_PROJECT_VERSION = 1;
				DEVELOPMENT_TEAM = 95HGXTX76L;
				GENERATE_INFOPLIST_FILE = YES;
				IPHONEOS_DEPLOYMENT_TARGET = 16.4;
				MARKETING_VERSION = 1.0;
				PRODUCT_BUNDLE_IDENTIFIER = zoyoong.SymbolRollerTests;
				PRODUCT_NAME = "$(TARGET_NAME)";
				SWIFT_EMIT_LOC_STRINGS = NO;
				SWIFT_VERSION = 5.0;
				TARGETED_DEVICE_FAMILY = "1,2";
				TEST_HOST = "$(BUILT_PRODUCTS_DIR)/SymbolRoller.app/$(BUNDLE_EXECUTABLE_FOLDER_PATH)/SymbolRoller";
			};
			name = Release;
		};
		C4915DB52AC6B8D000B296C9 /* Debug */ = {
			isa = XCBuildConfiguration;
			buildSettings = {
				ALWAYS_EMBED_SWIFT_STANDARD_LIBRARIES = YES;
				CODE_SIGN_STYLE = Automatic;
				CURRENT_PROJECT_VERSION = 1;
				DEVELOPMENT_TEAM = 95HGXTX76L;
				GENERATE_INFOPLIST_FILE = YES;
				MARKETING_VERSION = 1.0;
				PRODUCT_BUNDLE_IDENTIFIER = zoyoong.SymbolRollerUITests;
				PRODUCT_NAME = "$(TARGET_NAME)";
				SWIFT_EMIT_LOC_STRINGS = NO;
				SWIFT_VERSION = 5.0;
				TARGETED_DEVICE_FAMILY = "1,2";
				TEST_TARGET_NAME = SymbolRoller;
			};
			name = Debug;
		};
		C4915DB62AC6B8D000B296C9 /* Release */ = {
			isa = XCBuildConfiguration;
			buildSettings = {
				ALWAYS_EMBED_SWIFT_STANDARD_LIBRARIES = YES;
				CODE_SIGN_STYLE = Automatic;
				CURRENT_PROJECT_VERSION = 1;
				DEVELOPMENT_TEAM = 95HGXTX76L;
				GENERATE_INFOPLIST_FILE = YES;
				MARKETING_VERSION = 1.0;
				PRODUCT_BUNDLE_IDENTIFIER = zoyoong.SymbolRollerUITests;
				PRODUCT_NAME = "$(TARGET_NAME)";
				SWIFT_EMIT_LOC_STRINGS = NO;
				SWIFT_VERSION = 5.0;
				TARGETED_DEVICE_FAMILY = "1,2";
				TEST_TARGET_NAME = SymbolRoller;
			};
			name = Release;
		};
/* End XCBuildConfiguration section */

/* Begin XCConfigurationList section */
		C4915D7F2AC6B8CF00B296C9 /* Build configuration list for PBXProject "SymbolRoller" */ = {
			isa = XCConfigurationList;
			buildConfigurations = (
				C4915DAC2AC6B8D000B296C9 /* Debug */,
				C4915DAD2AC6B8D000B296C9 /* Release */,
			);
			defaultConfigurationIsVisible = 0;
			defaultConfigurationName = Release;
		};
		C4915DAE2AC6B8D000B296C9 /* Build configuration list for PBXNativeTarget "SymbolRoller" */ = {
			isa = XCConfigurationList;
			buildConfigurations = (
				C4915DAF2AC6B8D000B296C9 /* Debug */,
				C4915DB02AC6B8D000B296C9 /* Release */,
			);
			defaultConfigurationIsVisible = 0;
			defaultConfigurationName = Release;
		};
		C4915DB12AC6B8D000B296C9 /* Build configuration list for PBXNativeTarget "SymbolRollerTests" */ = {
			isa = XCConfigurationList;
			buildConfigurations = (
				C4915DB22AC6B8D000B296C9 /* Debug */,
				C4915DB32AC6B8D000B296C9 /* Release */,
			);
			defaultConfigurationIsVisible = 0;
			defaultConfigurationName = Release;
		};
		C4915DB42AC6B8D000B296C9 /* Build configuration list for PBXNativeTarget "SymbolRollerUITests" */ = {
			isa = XCConfigurationList;
			buildConfigurations = (
				C4915DB52AC6B8D000B296C9 /* Debug */,
				C4915DB62AC6B8D000B296C9 /* Release */,
			);
			defaultConfigurationIsVisible = 0;
			defaultConfigurationName = Release;
		};
/* End XCConfigurationList section */
	};
	rootObject = C4915D7C2AC6B8CF00B296C9 /* Project object */;
}
